// !$*UTF8*$!
{
	archiveVersion = 1;
	classes = {
	};
	objectVersion = 50;
	objects = {

/* Begin PBXBuildFile section */
		BC5BE47E24454E230045D03E /* AppDelegate.swift in Sources */ = {isa = PBXBuildFile; fileRef = BC5BE47D24454E230045D03E /* AppDelegate.swift */; };
		BC5BE48024454E230045D03E /* SceneDelegate.swift in Sources */ = {isa = PBXBuildFile; fileRef = BC5BE47F24454E230045D03E /* SceneDelegate.swift */; };
		BC5BE48224454E230045D03E /* ViewController.swift in Sources */ = {isa = PBXBuildFile; fileRef = BC5BE48124454E230045D03E /* ViewController.swift */; };
		BC5BE48524454E230045D03E /* Main.storyboard in Resources */ = {isa = PBXBuildFile; fileRef = BC5BE48324454E230045D03E /* Main.storyboard */; };
		BC5BE48724454E240045D03E /* Assets.xcassets in Resources */ = {isa = PBXBuildFile; fileRef = BC5BE48624454E240045D03E /* Assets.xcassets */; };
		BC5BE48A24454E240045D03E /* LaunchScreen.storyboard in Resources */ = {isa = PBXBuildFile; fileRef = BC5BE48824454E240045D03E /* LaunchScreen.storyboard */; };
		BCCA5B982456223600248B5B /* AboutViewController.swift in Sources */ = {isa = PBXBuildFile; fileRef = BCCA5B972456223600248B5B /* AboutViewController.swift */; };
		BCCA5B9A2456271400248B5B /* AboutAuthorViewController.swift in Sources */ = {isa = PBXBuildFile; fileRef = BCCA5B992456271400248B5B /* AboutAuthorViewController.swift */; };
		BCCA5B9C245A6CEB00248B5B /* BullsEye.html in Resources */ = {isa = PBXBuildFile; fileRef = BCCA5B9B245A6CEB00248B5B /* BullsEye.html */; };
		BCCA5BA2245A785500248B5B /* Assets.xcassets in Resources */ = {isa = PBXBuildFile; fileRef = BCCA5BA1245A785500248B5B /* Assets.xcassets */; };
		BCCA5BA4245A787500248B5B /* Assets 2.xcassets in Resources */ = {isa = PBXBuildFile; fileRef = BCCA5BA3245A787500248B5B /* Assets 2.xcassets */; };
/* End PBXBuildFile section */

/* Begin PBXFileReference section */
		BC5BE47A24454E230045D03E /* BullsEye.app */ = {isa = PBXFileReference; explicitFileType = wrapper.application; includeInIndex = 0; path = BullsEye.app; sourceTree = BUILT_PRODUCTS_DIR; };
		BC5BE47D24454E230045D03E /* AppDelegate.swift */ = {isa = PBXFileReference; lastKnownFileType = sourcecode.swift; path = AppDelegate.swift; sourceTree = "<group>"; };
		BC5BE47F24454E230045D03E /* SceneDelegate.swift */ = {isa = PBXFileReference; lastKnownFileType = sourcecode.swift; path = SceneDelegate.swift; sourceTree = "<group>"; };
		BC5BE48124454E230045D03E /* ViewController.swift */ = {isa = PBXFileReference; lastKnownFileType = sourcecode.swift; path = ViewController.swift; sourceTree = "<group>"; };
		BC5BE48424454E230045D03E /* Base */ = {isa = PBXFileReference; lastKnownFileType = file.storyboard; name = Base; path = Base.lproj/Main.storyboard; sourceTree = "<group>"; };
		BC5BE48624454E240045D03E /* Assets.xcassets */ = {isa = PBXFileReference; lastKnownFileType = folder.assetcatalog; path = Assets.xcassets; sourceTree = "<group>"; };
		BC5BE48924454E240045D03E /* Base */ = {isa = PBXFileReference; lastKnownFileType = file.storyboard; name = Base; path = Base.lproj/LaunchScreen.storyboard; sourceTree = "<group>"; };
		BC5BE48B24454E240045D03E /* Info.plist */ = {isa = PBXFileReference; lastKnownFileType = text.plist.xml; path = Info.plist; sourceTree = "<group>"; };
		BCCA5B972456223600248B5B /* AboutViewController.swift */ = {isa = PBXFileReference; lastKnownFileType = sourcecode.swift; path = AboutViewController.swift; sourceTree = "<group>"; };
		BCCA5B992456271400248B5B /* AboutAuthorViewController.swift */ = {isa = PBXFileReference; lastKnownFileType = sourcecode.swift; path = AboutAuthorViewController.swift; sourceTree = "<group>"; };
		BCCA5B9B245A6CEB00248B5B /* BullsEye.html */ = {isa = PBXFileReference; fileEncoding = 4; lastKnownFileType = text.html; name = BullsEye.html; path = ../../BullsEye.html; sourceTree = "<group>"; };
		BCCA5BA1245A785500248B5B /* Assets.xcassets */ = {isa = PBXFileReference; lastKnownFileType = folder.assetcatalog; path = Assets.xcassets; sourceTree = "<group>"; };
		BCCA5BA3245A787500248B5B /* Assets 2.xcassets */ = {isa = PBXFileReference; lastKnownFileType = folder.assetcatalog; path = "Assets 2.xcassets"; sourceTree = "<group>"; };
/* End PBXFileReference section */

/* Begin PBXFrameworksBuildPhase section */
		BC5BE47724454E230045D03E /* Frameworks */ = {
			isa = PBXFrameworksBuildPhase;
			buildActionMask = 2147483647;
			files = (
			);
			runOnlyForDeploymentPostprocessing = 0;
		};
/* End PBXFrameworksBuildPhase section */

/* Begin PBXGroup section */
		BC5BE47124454E230045D03E = {
			isa = PBXGroup;
			children = (
				BC5BE47C24454E230045D03E /* BullsEye */,
				BC5BE47B24454E230045D03E /* Products */,
			);
			sourceTree = "<group>";
		};
		BC5BE47B24454E230045D03E /* Products */ = {
			isa = PBXGroup;
			children = (
				BC5BE47A24454E230045D03E /* BullsEye.app */,
			);
			name = Products;
			sourceTree = "<group>";
		};
		BC5BE47C24454E230045D03E /* BullsEye */ = {
			isa = PBXGroup;
			children = (
				BC5BE47D24454E230045D03E /* AppDelegate.swift */,
				BC5BE47F24454E230045D03E /* SceneDelegate.swift */,
				BC5BE48124454E230045D03E /* ViewController.swift */,
				BCCA5B972456223600248B5B /* AboutViewController.swift */,
				BC5BE48324454E230045D03E /* Main.storyboard */,
				BCCA5B992456271400248B5B /* AboutAuthorViewController.swift */,
				BC5BE48624454E240045D03E /* Assets.xcassets */,
				BCCA5BA1245A785500248B5B /* Assets.xcassets */,
				BCCA5BA3245A787500248B5B /* Assets 2.xcassets */,
				BC5BE48824454E240045D03E /* LaunchScreen.storyboard */,
				BC5BE48B24454E240045D03E /* Info.plist */,
				BCCA5B9B245A6CEB00248B5B /* BullsEye.html */,
			);
			path = BullsEye;
			sourceTree = "<group>";
		};
/* End PBXGroup section */

/* Begin PBXNativeTarget section */
		BC5BE47924454E230045D03E /* BullsEye */ = {
			isa = PBXNativeTarget;
			buildConfigurationList = BC5BE48E24454E240045D03E /* Build configuration list for PBXNativeTarget "BullsEye" */;
			buildPhases = (
				BC5BE47624454E230045D03E /* Sources */,
				BC5BE47724454E230045D03E /* Frameworks */,
				BC5BE47824454E230045D03E /* Resources */,
			);
			buildRules = (
			);
			dependencies = (
			);
			name = BullsEye;
			productName = BullsEye;
			productReference = BC5BE47A24454E230045D03E /* BullsEye.app */;
			productType = "com.apple.product-type.application";
		};
/* End PBXNativeTarget section */

/* Begin PBXProject section */
		BC5BE47224454E230045D03E /* Project object */ = {
			isa = PBXProject;
			attributes = {
				LastSwiftUpdateCheck = 1140;
				LastUpgradeCheck = 1140;
				ORGANIZATIONNAME = "Syed ali Abbas";
				TargetAttributes = {
					BC5BE47924454E230045D03E = {
						CreatedOnToolsVersion = 11.4;
					};
				};
			};
			buildConfigurationList = BC5BE47524454E230045D03E /* Build configuration list for PBXProject "BullsEye" */;
			compatibilityVersion = "Xcode 9.3";
			developmentRegion = en;
			hasScannedForEncodings = 0;
			knownRegions = (
				en,
				Base,
			);
			mainGroup = BC5BE47124454E230045D03E;
			productRefGroup = BC5BE47B24454E230045D03E /* Products */;
			projectDirPath = "";
			projectRoot = "";
			targets = (
				BC5BE47924454E230045D03E /* BullsEye */,
			);
		};
/* End PBXProject section */

/* Begin PBXResourcesBuildPhase section */
		BC5BE47824454E230045D03E /* Resources */ = {
			isa = PBXResourcesBuildPhase;
			buildActionMask = 2147483647;
			files = (
				BC5BE48A24454E240045D03E /* LaunchScreen.storyboard in Resources */,
				BCCA5B9C245A6CEB00248B5B /* BullsEye.html in Resources */,
				BC5BE48724454E240045D03E /* Assets.xcassets in Resources */,
				BC5BE48524454E230045D03E /* Main.storyboard in Resources */,
				BCCA5BA4245A787500248B5B /* Assets 2.xcassets in Resources */,
				BCCA5BA2245A785500248B5B /* Assets.xcassets in Resources */,
			);
			runOnlyForDeploymentPostprocessing = 0;
		};
/* End PBXResourcesBuildPhase section */

/* Begin PBXSourcesBuildPhase section */
		BC5BE47624454E230045D03E /* Sources */ = {
			isa = PBXSourcesBuildPhase;
			buildActionMask = 2147483647;
			files = (
				BC5BE48224454E230045D03E /* ViewController.swift in Sources */,
				BC5BE47E24454E230045D03E /* AppDelegate.swift in Sources */,
				BCCA5B982456223600248B5B /* AboutViewController.swift in Sources */,
				BC5BE48024454E230045D03E /* SceneDelegate.swift in Sources */,
				BCCA5B9A2456271400248B5B /* AboutAuthorViewController.swift in Sources */,
			);
			runOnlyForDeploymentPostprocessing = 0;
		};
/* End PBXSourcesBuildPhase section */

/* Begin PBXVariantGroup section */
		BC5BE48324454E230045D03E /* Main.storyboard */ = {
			isa = PBXVariantGroup;
			children = (
				BC5BE48424454E230045D03E /* Base */,
			);
			name = Main.storyboard;
			sourceTree = "<group>";
		};
		BC5BE48824454E240045D03E /* LaunchScreen.storyboard */ = {
			isa = PBXVariantGroup;
			children = (
				BC5BE48924454E240045D03E /* Base */,
			);
			name = LaunchScreen.storyboard;
			sourceTree = "<group>";
		};
/* End PBXVariantGroup section */

/* Begin XCBuildConfiguration section */
		BC5BE48C24454E240045D03E /* Debug */ = {
			isa = XCBuildConfiguration;
			buildSettings = {
				ALWAYS_SEARCH_USER_PATHS = NO;
				CLANG_ANALYZER_NONNULL = YES;
				CLANG_ANALYZER_NUMBER_OBJECT_CONVERSION = YES_AGGRESSIVE;
				CLANG_CXX_LANGUAGE_STANDARD = "gnu++14";
				CLANG_CXX_LIBRARY = "libc++";
				CLANG_ENABLE_MODULES = YES;
				CLANG_ENABLE_OBJC_ARC = YES;
				CLANG_ENABLE_OBJC_WEAK = YES;
				CLANG_WARN_BLOCK_CAPTURE_AUTORELEASING = YES;
				CLANG_WARN_BOOL_CONVERSION = YES;
				CLANG_WARN_COMMA = YES;
				CLANG_WARN_CONSTANT_CONVERSION = YES;
				CLANG_WARN_DEPRECATED_OBJC_IMPLEMENTATIONS = YES;
				CLANG_WARN_DIRECT_OBJC_ISA_USAGE = YES_ERROR;
				CLANG_WARN_DOCUMENTATION_COMMENTS = YES;
				CLANG_WARN_EMPTY_BODY = YES;
				CLANG_WARN_ENUM_CONVERSION = YES;
				CLANG_WARN_INFINITE_RECURSION = YES;
				CLANG_WARN_INT_CONVERSION = YES;
				CLANG_WARN_NON_LITERAL_NULL_CONVERSION = YES;
				CLANG_WARN_OBJC_IMPLICIT_RETAIN_SELF = YES;
				CLANG_WARN_OBJC_LITERAL_CONVERSION = YES;
				CLANG_WARN_OBJC_ROOT_CLASS = YES_ERROR;
				CLANG_WARN_RANGE_LOOP_ANALYSIS = YES;
				CLANG_WARN_STRICT_PROTOTYPES = YES;
				CLANG_WARN_SUSPICIOUS_MOVE = YES;
				CLANG_WARN_UNGUARDED_AVAILABILITY = YES_AGGRESSIVE;
				CLANG_WARN_UNREACHABLE_CODE = YES;
				CLANG_WARN__DUPLICATE_METHOD_MATCH = YES;
				COPY_PHASE_STRIP = NO;
				DEBUG_INFORMATION_FORMAT = dwarf;
				ENABLE_STRICT_OBJC_MSGSEND = YES;
				ENABLE_TESTABILITY = YES;
				GCC_C_LANGUAGE_STANDARD = gnu11;
				GCC_DYNAMIC_NO_PIC = NO;
				GCC_NO_COMMON_BLOCKS = YES;
				GCC_OPTIMIZATION_LEVEL = 0;
				GCC_PREPROCESSOR_DEFINITIONS = (
					"DEBUG=1",
					"$(inherited)",
				);
				GCC_WARN_64_TO_32_BIT_CONVERSION = YES;
				GCC_WARN_ABOUT_RETURN_TYPE = YES_ERROR;
				GCC_WARN_UNDECLARED_SELECTOR = YES;
				GCC_WARN_UNINITIALIZED_AUTOS = YES_AGGRESSIVE;
				GCC_WARN_UNUSED_FUNCTION = YES;
				GCC_WARN_UNUSED_VARIABLE = YES;
				IPHONEOS_DEPLOYMENT_TARGET = 13.4;
				MTL_ENABLE_DEBUG_INFO = INCLUDE_SOURCE;
				MTL_FAST_MATH = YES;
				ONLY_ACTIVE_ARCH = YES;
				SDKROOT = iphoneos;
				SWIFT_ACTIVE_COMPILATION_CONDITIONS = DEBUG;
				SWIFT_OPTIMIZATION_LEVEL = "-Onone";
			};
			name = Debug;
		};
		BC5BE48D24454E240045D03E /* Release */ = {
			isa = XCBuildConfiguration;
			buildSettings = {
				ALWAYS_SEARCH_USER_PATHS = NO;
				CLANG_ANALYZER_NONNULL = YES;
				CLANG_ANALYZER_NUMBER_OBJECT_CONVERSION = YES_AGGRESSIVE;
				CLANG_CXX_LANGUAGE_STANDARD = "gnu++14";
				CLANG_CXX_LIBRARY = "libc++";
				CLANG_ENABLE_MODULES = YES;
				CLANG_ENABLE_OBJC_ARC = YES;
				CLANG_ENABLE_OBJC_WEAK = YES;
				CLANG_WARN_BLOCK_CAPTURE_AUTORELEASING = YES;
				CLANG_WARN_BOOL_CONVERSION = YES;
				CLANG_WARN_COMMA = YES;
				CLANG_WARN_CONSTANT_CONVERSION = YES;
				CLANG_WARN_DEPRECATED_OBJC_IMPLEMENTATIONS = YES;
				CLANG_WARN_DIRECT_OBJC_ISA_USAGE = YES_ERROR;
				CLANG_WARN_DOCUMENTATION_COMMENTS = YES;
				CLANG_WARN_EMPTY_BODY = YES;
				CLANG_WARN_ENUM_CONVERSION = YES;
				CLANG_WARN_INFINITE_RECURSION = YES;
				CLANG_WARN_INT_CONVERSION = YES;
				CLANG_WARN_NON_LITERAL_NULL_CONVERSION = YES;
				CLANG_WARN_OBJC_IMPLICIT_RETAIN_SELF = YES;
				CLANG_WARN_OBJC_LITERAL_CONVERSION = YES;
				CLANG_WARN_OBJC_ROOT_CLASS = YES_ERROR;
				CLANG_WARN_RANGE_LOOP_ANALYSIS = YES;
				CLANG_WARN_STRICT_PROTOTYPES = YES;
				CLANG_WARN_SUSPICIOUS_MOVE = YES;
				CLANG_WARN_UNGUARDED_AVAILABILITY = YES_AGGRESSIVE;
				CLANG_WARN_UNREACHABLE_CODE = YES;
				CLANG_WARN__DUPLICATE_METHOD_MATCH = YES;
				COPY_PHASE_STRIP = NO;
				DEBUG_INFORMATION_FORMAT = "dwarf-with-dsym";
				ENABLE_NS_ASSERTIONS = NO;
				ENABLE_STRICT_OBJC_MSGSEND = YES;
				GCC_C_LANGUAGE_STANDARD = gnu11;
				GCC_NO_COMMON_BLOCKS = YES;
				GCC_WARN_64_TO_32_BIT_CONVERSION = YES;
				GCC_WARN_ABOUT_RETURN_TYPE = YES_ERROR;
				GCC_WARN_UNDECLARED_SELECTOR = YES;
				GCC_WARN_UNINITIALIZED_AUTOS = YES_AGGRESSIVE;
				GCC_WARN_UNUSED_FUNCTION = YES;
				GCC_WARN_UNUSED_VARIABLE = YES;
				IPHONEOS_DEPLOYMENT_TARGET = 13.4;
				MTL_ENABLE_DEBUG_INFO = NO;
				MTL_FAST_MATH = YES;
				SDKROOT = iphoneos;
				SWIFT_COMPILATION_MODE = wholemodule;
				SWIFT_OPTIMIZATION_LEVEL = "-O";
				VALIDATE_PRODUCT = YES;
			};
			name = Release;
		};
		BC5BE48F24454E240045D03E /* Debug */ = {
			isa = XCBuildConfiguration;
			buildSettings = {
				ASSETCATALOG_COMPILER_APPICON_NAME = AppIcon;
				CODE_SIGN_STYLE = Automatic;
				INFOPLIST_FILE = BullsEye/Info.plist;
				LD_RUNPATH_SEARCH_PATHS = (
					"$(inherited)",
					"@executable_path/Frameworks",
				);
				PRODUCT_BUNDLE_IDENTIFIER = edu.tric.it.BullsEye;
				PRODUCT_NAME = "$(TARGET_NAME)";
				SWIFT_VERSION = 5.0;
				TARGETED_DEVICE_FAMILY = "1,2";
			};
			name = Debug;
		};
		BC5BE49024454E240045D03E /* Release */ = {
			isa = XCBuildConfiguration;
			buildSettings = {
				ASSETCATALOG_COMPILER_APPICON_NAME = AppIcon;
				CODE_SIGN_STYLE = Automatic;
				INFOPLIST_FILE = BullsEye/Info.plist;
				LD_RUNPATH_SEARCH_PATHS = (
					"$(inherited)",
					"@executable_path/Frameworks",
				);
				PRODUCT_BUNDLE_IDENTIFIER = edu.tric.it.BullsEye;
				PRODUCT_NAME = "$(TARGET_NAME)";
				SWIFT_VERSION = 5.0;
				TARGETED_DEVICE_FAMILY = "1,2";
			};
			name = Release;
		};
/* End XCBuildConfiguration section */

/* Begin XCConfigurationList section */
		BC5BE47524454E230045D03E /* Build configuration list for PBXProject "BullsEye" */ = {
			isa = XCConfigurationList;
			buildConfigurations = (
				BC5BE48C24454E240045D03E /* Debug */,
				BC5BE48D24454E240045D03E /* Release */,
			);
			defaultConfigurationIsVisible = 0;
			defaultConfigurationName = Release;
		};
		BC5BE48E24454E240045D03E /* Build configuration list for PBXNativeTarget "BullsEye" */ = {
			isa = XCConfigurationList;
			buildConfigurations = (
				BC5BE48F24454E240045D03E /* Debug */,
				BC5BE49024454E240045D03E /* Release */,
			);
			defaultConfigurationIsVisible = 0;
			defaultConfigurationName = Release;
		};
/* End XCConfigurationList section */
	};
	rootObject = BC5BE47224454E230045D03E /* Project object */;
}
