// !$*UTF8*$!
{
	archiveVersion = 1;
	classes = {
	};
	objectVersion = 50;
	objects = {

/* Begin PBXBuildFile section */
		BCD87A1823CF8874009F9E9D /* AppDelegate.swift in Sources */ = {isa = PBXBuildFile; fileRef = BCD87A1723CF8874009F9E9D /* AppDelegate.swift */; };
		BCD87A1A23CF8874009F9E9D /* SceneDelegate.swift in Sources */ = {isa = PBXBuildFile; fileRef = BCD87A1923CF8874009F9E9D /* SceneDelegate.swift */; };
		BCD87A1C23CF8874009F9E9D /* ContentView.swift in Sources */ = {isa = PBXBuildFile; fileRef = BCD87A1B23CF8874009F9E9D /* ContentView.swift */; };
		BCD87A1E23CF887C009F9E9D /* Assets.xcassets in Resources */ = {isa = PBXBuildFile; fileRef = BCD87A1D23CF887C009F9E9D /* Assets.xcassets */; };
		BCD87A2123CF887C009F9E9D /* Preview Assets.xcassets in Resources */ = {isa = PBXBuildFile; fileRef = BCD87A2023CF887C009F9E9D /* Preview Assets.xcassets */; };
		BCD87A2423CF887C009F9E9D /* LaunchScreen.storyboard in Resources */ = {isa = PBXBuildFile; fileRef = BCD87A2223CF887C009F9E9D /* LaunchScreen.storyboard */; };
		BCD87A2F23CF887D009F9E9D /* Lab1Tests.swift in Sources */ = {isa = PBXBuildFile; fileRef = BCD87A2E23CF887D009F9E9D /* Lab1Tests.swift */; };
		BCD87A3A23CF887D009F9E9D /* Lab1UITests.swift in Sources */ = {isa = PBXBuildFile; fileRef = BCD87A3923CF887D009F9E9D /* Lab1UITests.swift */; };
/* End PBXBuildFile section */

/* Begin PBXContainerItemProxy section */
		BCD87A2B23CF887D009F9E9D /* PBXContainerItemProxy */ = {
			isa = PBXContainerItemProxy;
			containerPortal = BCD87A0C23CF8874009F9E9D /* Project object */;
			proxyType = 1;
			remoteGlobalIDString = BCD87A1323CF8874009F9E9D;
			remoteInfo = Lab1;
		};
		BCD87A3623CF887D009F9E9D /* PBXContainerItemProxy */ = {
			isa = PBXContainerItemProxy;
			containerPortal = BCD87A0C23CF8874009F9E9D /* Project object */;
			proxyType = 1;
			remoteGlobalIDString = BCD87A1323CF8874009F9E9D;
			remoteInfo = Lab1;
		};
/* End PBXContainerItemProxy section */

/* Begin PBXFileReference section */
		BCD87A1423CF8874009F9E9D /* Lab1.app */ = {isa = PBXFileReference; explicitFileType = wrapper.application; includeInIndex = 0; path = Lab1.app; sourceTree = BUILT_PRODUCTS_DIR; };
		BCD87A1723CF8874009F9E9D /* AppDelegate.swift */ = {isa = PBXFileReference; lastKnownFileType = sourcecode.swift; path = AppDelegate.swift; sourceTree = "<group>"; };
		BCD87A1923CF8874009F9E9D /* SceneDelegate.swift */ = {isa = PBXFileReference; lastKnownFileType = sourcecode.swift; path = SceneDelegate.swift; sourceTree = "<group>"; };
		BCD87A1B23CF8874009F9E9D /* ContentView.swift */ = {isa = PBXFileReference; lastKnownFileType = sourcecode.swift; path = ContentView.swift; sourceTree = "<group>"; };
		BCD87A1D23CF887C009F9E9D /* Assets.xcassets */ = {isa = PBXFileReference; lastKnownFileType = folder.assetcatalog; path = Assets.xcassets; sourceTree = "<group>"; };
		BCD87A2023CF887C009F9E9D /* Preview Assets.xcassets */ = {isa = PBXFileReference; lastKnownFileType = folder.assetcatalog; path = "Preview Assets.xcassets"; sourceTree = "<group>"; };
		BCD87A2323CF887C009F9E9D /* Base */ = {isa = PBXFileReference; lastKnownFileType = file.storyboard; name = Base; path = Base.lproj/LaunchScreen.storyboard; sourceTree = "<group>"; };
		BCD87A2523CF887C009F9E9D /* Info.plist */ = {isa = PBXFileReference; lastKnownFileType = text.plist.xml; path = Info.plist; sourceTree = "<group>"; };
		BCD87A2A23CF887D009F9E9D /* Lab1Tests.xctest */ = {isa = PBXFileReference; explicitFileType = wrapper.cfbundle; includeInIndex = 0; path = Lab1Tests.xctest; sourceTree = BUILT_PRODUCTS_DIR; };
		BCD87A2E23CF887D009F9E9D /* Lab1Tests.swift */ = {isa = PBXFileReference; lastKnownFileType = sourcecode.swift; path = Lab1Tests.swift; sourceTree = "<group>"; };
		BCD87A3023CF887D009F9E9D /* Info.plist */ = {isa = PBXFileReference; lastKnownFileType = text.plist.xml; path = Info.plist; sourceTree = "<group>"; };
		BCD87A3523CF887D009F9E9D /* Lab1UITests.xctest */ = {isa = PBXFileReference; explicitFileType = wrapper.cfbundle; includeInIndex = 0; path = Lab1UITests.xctest; sourceTree = BUILT_PRODUCTS_DIR; };
		BCD87A3923CF887D009F9E9D /* Lab1UITests.swift */ = {isa = PBXFileReference; lastKnownFileType = sourcecode.swift; path = Lab1UITests.swift; sourceTree = "<group>"; };
		BCD87A3B23CF887D009F9E9D /* Info.plist */ = {isa = PBXFileReference; lastKnownFileType = text.plist.xml; path = Info.plist; sourceTree = "<group>"; };
/* End PBXFileReference section */

/* Begin PBXFrameworksBuildPhase section */
		BCD87A1123CF8874009F9E9D /* Frameworks */ = {
			isa = PBXFrameworksBuildPhase;
			buildActionMask = 2147483647;
			files = (
			);
			runOnlyForDeploymentPostprocessing = 0;
		};
		BCD87A2723CF887D009F9E9D /* Frameworks */ = {
			isa = PBXFrameworksBuildPhase;
			buildActionMask = 2147483647;
			files = (
			);
			runOnlyForDeploymentPostprocessing = 0;
		};
		BCD87A3223CF887D009F9E9D /* Frameworks */ = {
			isa = PBXFrameworksBuildPhase;
			buildActionMask = 2147483647;
			files = (
			);
			runOnlyForDeploymentPostprocessing = 0;
		};
/* End PBXFrameworksBuildPhase section */

/* Begin PBXGroup section */
		BCD87A0B23CF8874009F9E9D = {
			isa = PBXGroup;
			children = (
				BCD87A1623CF8874009F9E9D /* Lab1 */,
				BCD87A2D23CF887D009F9E9D /* Lab1Tests */,
				BCD87A3823CF887D009F9E9D /* Lab1UITests */,
				BCD87A1523CF8874009F9E9D /* Products */,
			);
			sourceTree = "<group>";
		};
		BCD87A1523CF8874009F9E9D /* Products */ = {
			isa = PBXGroup;
			children = (
				BCD87A1423CF8874009F9E9D /* Lab1.app */,
				BCD87A2A23CF887D009F9E9D /* Lab1Tests.xctest */,
				BCD87A3523CF887D009F9E9D /* Lab1UITests.xctest */,
			);
			name = Products;
			sourceTree = "<group>";
		};
		BCD87A1623CF8874009F9E9D /* Lab1 */ = {
			isa = PBXGroup;
			children = (
				BCD87A1723CF8874009F9E9D /* AppDelegate.swift */,
				BCD87A1923CF8874009F9E9D /* SceneDelegate.swift */,
				BCD87A1B23CF8874009F9E9D /* ContentView.swift */,
				BCD87A1D23CF887C009F9E9D /* Assets.xcassets */,
				BCD87A2223CF887C009F9E9D /* LaunchScreen.storyboard */,
				BCD87A2523CF887C009F9E9D /* Info.plist */,
				BCD87A1F23CF887C009F9E9D /* Preview Content */,
			);
			path = Lab1;
			sourceTree = "<group>";
		};
		BCD87A1F23CF887C009F9E9D /* Preview Content */ = {
			isa = PBXGroup;
			children = (
				BCD87A2023CF887C009F9E9D /* Preview Assets.xcassets */,
			);
			path = "Preview Content";
			sourceTree = "<group>";
		};
		BCD87A2D23CF887D009F9E9D /* Lab1Tests */ = {
			isa = PBXGroup;
			children = (
				BCD87A2E23CF887D009F9E9D /* Lab1Tests.swift */,
				BCD87A3023CF887D009F9E9D /* Info.plist */,
			);
			path = Lab1Tests;
			sourceTree = "<group>";
		};
		BCD87A3823CF887D009F9E9D /* Lab1UITests */ = {
			isa = PBXGroup;
			children = (
				BCD87A3923CF887D009F9E9D /* Lab1UITests.swift */,
				BCD87A3B23CF887D009F9E9D /* Info.plist */,
			);
			path = Lab1UITests;
			sourceTree = "<group>";
		};
/* End PBXGroup section */

/* Begin PBXNativeTarget section */
		BCD87A1323CF8874009F9E9D /* Lab1 */ = {
			isa = PBXNativeTarget;
			buildConfigurationList = BCD87A3E23CF887D009F9E9D /* Build configuration list for PBXNativeTarget "Lab1" */;
			buildPhases = (
				BCD87A1023CF8874009F9E9D /* Sources */,
				BCD87A1123CF8874009F9E9D /* Frameworks */,
				BCD87A1223CF8874009F9E9D /* Resources */,
			);
			buildRules = (
			);
			dependencies = (
			);
			name = Lab1;
			productName = Lab1;
			productReference = BCD87A1423CF8874009F9E9D /* Lab1.app */;
			productType = "com.apple.product-type.application";
		};
		BCD87A2923CF887D009F9E9D /* Lab1Tests */ = {
			isa = PBXNativeTarget;
			buildConfigurationList = BCD87A4123CF887D009F9E9D /* Build configuration list for PBXNativeTarget "Lab1Tests" */;
			buildPhases = (
				BCD87A2623CF887D009F9E9D /* Sources */,
				BCD87A2723CF887D009F9E9D /* Frameworks */,
				BCD87A2823CF887D009F9E9D /* Resources */,
			);
			buildRules = (
			);
			dependencies = (
				BCD87A2C23CF887D009F9E9D /* PBXTargetDependency */,
			);
			name = Lab1Tests;
			productName = Lab1Tests;
			productReference = BCD87A2A23CF887D009F9E9D /* Lab1Tests.xctest */;
			productType = "com.apple.product-type.bundle.unit-test";
		};
		BCD87A3423CF887D009F9E9D /* Lab1UITests */ = {
			isa = PBXNativeTarget;
			buildConfigurationList = BCD87A4423CF887D009F9E9D /* Build configuration list for PBXNativeTarget "Lab1UITests" */;
			buildPhases = (
				BCD87A3123CF887D009F9E9D /* Sources */,
				BCD87A3223CF887D009F9E9D /* Frameworks */,
				BCD87A3323CF887D009F9E9D /* Resources */,
			);
			buildRules = (
			);
			dependencies = (
				BCD87A3723CF887D009F9E9D /* PBXTargetDependency */,
			);
			name = Lab1UITests;
			productName = Lab1UITests;
			productReference = BCD87A3523CF887D009F9E9D /* Lab1UITests.xctest */;
			productType = "com.apple.product-type.bundle.ui-testing";
		};
/* End PBXNativeTarget section */

/* Begin PBXProject section */
		BCD87A0C23CF8874009F9E9D /* Project object */ = {
			isa = PBXProject;
			attributes = {
				LastSwiftUpdateCheck = 1130;
				LastUpgradeCheck = 1130;
				ORGANIZATIONNAME = "Syed ali Abbas";
				TargetAttributes = {
					BCD87A1323CF8874009F9E9D = {
						CreatedOnToolsVersion = 11.3.1;
					};
					BCD87A2923CF887D009F9E9D = {
						CreatedOnToolsVersion = 11.3.1;
						TestTargetID = BCD87A1323CF8874009F9E9D;
					};
					BCD87A3423CF887D009F9E9D = {
						CreatedOnToolsVersion = 11.3.1;
						TestTargetID = BCD87A1323CF8874009F9E9D;
					};
				};
			};
			buildConfigurationList = BCD87A0F23CF8874009F9E9D /* Build configuration list for PBXProject "Lab1" */;
			compatibilityVersion = "Xcode 9.3";
			developmentRegion = en;
			hasScannedForEncodings = 0;
			knownRegions = (
				en,
				Base,
			);
			mainGroup = BCD87A0B23CF8874009F9E9D;
			productRefGroup = BCD87A1523CF8874009F9E9D /* Products */;
			projectDirPath = "";
			projectRoot = "";
			targets = (
				BCD87A1323CF8874009F9E9D /* Lab1 */,
				BCD87A2923CF887D009F9E9D /* Lab1Tests */,
				BCD87A3423CF887D009F9E9D /* Lab1UITests */,
			);
		};
/* End PBXProject section */

/* Begin PBXResourcesBuildPhase section */
		BCD87A1223CF8874009F9E9D /* Resources */ = {
			isa = PBXResourcesBuildPhase;
			buildActionMask = 2147483647;
			files = (
				BCD87A2423CF887C009F9E9D /* LaunchScreen.storyboard in Resources */,
				BCD87A2123CF887C009F9E9D /* Preview Assets.xcassets in Resources */,
				BCD87A1E23CF887C009F9E9D /* Assets.xcassets in Resources */,
			);
			runOnlyForDeploymentPostprocessing = 0;
		};
		BCD87A2823CF887D009F9E9D /* Resources */ = {
			isa = PBXResourcesBuildPhase;
			buildActionMask = 2147483647;
			files = (
			);
			runOnlyForDeploymentPostprocessing = 0;
		};
		BCD87A3323CF887D009F9E9D /* Resources */ = {
			isa = PBXResourcesBuildPhase;
			buildActionMask = 2147483647;
			files = (
			);
			runOnlyForDeploymentPostprocessing = 0;
		};
/* End PBXResourcesBuildPhase section */

/* Begin PBXSourcesBuildPhase section */
		BCD87A1023CF8874009F9E9D /* Sources */ = {
			isa = PBXSourcesBuildPhase;
			buildActionMask = 2147483647;
			files = (
				BCD87A1823CF8874009F9E9D /* AppDelegate.swift in Sources */,
				BCD87A1A23CF8874009F9E9D /* SceneDelegate.swift in Sources */,
				BCD87A1C23CF8874009F9E9D /* ContentView.swift in Sources */,
			);
			runOnlyForDeploymentPostprocessing = 0;
		};
		BCD87A2623CF887D009F9E9D /* Sources */ = {
			isa = PBXSourcesBuildPhase;
			buildActionMask = 2147483647;
			files = (
				BCD87A2F23CF887D009F9E9D /* Lab1Tests.swift in Sources */,
			);
			runOnlyForDeploymentPostprocessing = 0;
		};
		BCD87A3123CF887D009F9E9D /* Sources */ = {
			isa = PBXSourcesBuildPhase;
			buildActionMask = 2147483647;
			files = (
				BCD87A3A23CF887D009F9E9D /* Lab1UITests.swift in Sources */,
			);
			runOnlyForDeploymentPostprocessing = 0;
		};
/* End PBXSourcesBuildPhase section */

/* Begin PBXTargetDependency section */
		BCD87A2C23CF887D009F9E9D /* PBXTargetDependency */ = {
			isa = PBXTargetDependency;
			target = BCD87A1323CF8874009F9E9D /* Lab1 */;
			targetProxy = BCD87A2B23CF887D009F9E9D /* PBXContainerItemProxy */;
		};
		BCD87A3723CF887D009F9E9D /* PBXTargetDependency */ = {
			isa = PBXTargetDependency;
			target = BCD87A1323CF8874009F9E9D /* Lab1 */;
			targetProxy = BCD87A3623CF887D009F9E9D /* PBXContainerItemProxy */;
		};
/* End PBXTargetDependency section */

/* Begin PBXVariantGroup section */
		BCD87A2223CF887C009F9E9D /* LaunchScreen.storyboard */ = {
			isa = PBXVariantGroup;
			children = (
				BCD87A2323CF887C009F9E9D /* Base */,
			);
			name = LaunchScreen.storyboard;
			sourceTree = "<group>";
		};
/* End PBXVariantGroup section */

/* Begin XCBuildConfiguration section */
		BCD87A3C23CF887D009F9E9D /* Debug */ = {
			isa = XCBuildConfiguration;
			buildSettings = {
				ALWAYS_SEARCH_USER_PATHS = NO;
				CLANG_ANALYZER_NONNULL = YES;
				CLANG_ANALYZER_NUMBER_OBJECT_CONVERSION = YES_AGGRESSIVE;
				CLANG_CXX_LANGUAGE_STANDARD = "gnu++14";
				CLANG_CXX_LIBRARY = "libc++";
				CLANG_ENABLE_MODULES = YES;
				CLANG_ENABLE_OBJC_ARC = YES;
				CLANG_ENABLE_OBJC_WEAK = YES;
				CLANG_WARN_BLOCK_CAPTURE_AUTORELEASING = YES;
				CLANG_WARN_BOOL_CONVERSION = YES;
				CLANG_WARN_COMMA = YES;
				CLANG_WARN_CONSTANT_CONVERSION = YES;
				CLANG_WARN_DEPRECATED_OBJC_IMPLEMENTATIONS = YES;
				CLANG_WARN_DIRECT_OBJC_ISA_USAGE = YES_ERROR;
				CLANG_WARN_DOCUMENTATION_COMMENTS = YES;
				CLANG_WARN_EMPTY_BODY = YES;
				CLANG_WARN_ENUM_CONVERSION = YES;
				CLANG_WARN_INFINITE_RECURSION = YES;
				CLANG_WARN_INT_CONVERSION = YES;
				CLANG_WARN_NON_LITERAL_NULL_CONVERSION = YES;
				CLANG_WARN_OBJC_IMPLICIT_RETAIN_SELF = YES;
				CLANG_WARN_OBJC_LITERAL_CONVERSION = YES;
				CLANG_WARN_OBJC_ROOT_CLASS = YES_ERROR;
				CLANG_WARN_RANGE_LOOP_ANALYSIS = YES;
				CLANG_WARN_STRICT_PROTOTYPES = YES;
				CLANG_WARN_SUSPICIOUS_MOVE = YES;
				CLANG_WARN_UNGUARDED_AVAILABILITY = YES_AGGRESSIVE;
				CLANG_WARN_UNREACHABLE_CODE = YES;
				CLANG_WARN__DUPLICATE_METHOD_MATCH = YES;
				COPY_PHASE_STRIP = NO;
				DEBUG_INFORMATION_FORMAT = dwarf;
				ENABLE_STRICT_OBJC_MSGSEND = YES;
				ENABLE_TESTABILITY = YES;
				GCC_C_LANGUAGE_STANDARD = gnu11;
				GCC_DYNAMIC_NO_PIC = NO;
				GCC_NO_COMMON_BLOCKS = YES;
				GCC_OPTIMIZATION_LEVEL = 0;
				GCC_PREPROCESSOR_DEFINITIONS = (
					"DEBUG=1",
					"$(inherited)",
				);
				GCC_WARN_64_TO_32_BIT_CONVERSION = YES;
				GCC_WARN_ABOUT_RETURN_TYPE = YES_ERROR;
				GCC_WARN_UNDECLARED_SELECTOR = YES;
				GCC_WARN_UNINITIALIZED_AUTOS = YES_AGGRESSIVE;
				GCC_WARN_UNUSED_FUNCTION = YES;
				GCC_WARN_UNUSED_VARIABLE = YES;
				IPHONEOS_DEPLOYMENT_TARGET = 13.2;
				MTL_ENABLE_DEBUG_INFO = INCLUDE_SOURCE;
				MTL_FAST_MATH = YES;
				ONLY_ACTIVE_ARCH = YES;
				SDKROOT = iphoneos;
				SWIFT_ACTIVE_COMPILATION_CONDITIONS = DEBUG;
				SWIFT_OPTIMIZATION_LEVEL = "-Onone";
			};
			name = Debug;
		};
		BCD87A3D23CF887D009F9E9D /* Release */ = {
			isa = XCBuildConfiguration;
			buildSettings = {
				ALWAYS_SEARCH_USER_PATHS = NO;
				CLANG_ANALYZER_NONNULL = YES;
				CLANG_ANALYZER_NUMBER_OBJECT_CONVERSION = YES_AGGRESSIVE;
				CLANG_CXX_LANGUAGE_STANDARD = "gnu++14";
				CLANG_CXX_LIBRARY = "libc++";
				CLANG_ENABLE_MODULES = YES;
				CLANG_ENABLE_OBJC_ARC = YES;
				CLANG_ENABLE_OBJC_WEAK = YES;
				CLANG_WARN_BLOCK_CAPTURE_AUTORELEASING = YES;
				CLANG_WARN_BOOL_CONVERSION = YES;
				CLANG_WARN_COMMA = YES;
				CLANG_WARN_CONSTANT_CONVERSION = YES;
				CLANG_WARN_DEPRECATED_OBJC_IMPLEMENTATIONS = YES;
				CLANG_WARN_DIRECT_OBJC_ISA_USAGE = YES_ERROR;
				CLANG_WARN_DOCUMENTATION_COMMENTS = YES;
				CLANG_WARN_EMPTY_BODY = YES;
				CLANG_WARN_ENUM_CONVERSION = YES;
				CLANG_WARN_INFINITE_RECURSION = YES;
				CLANG_WARN_INT_CONVERSION = YES;
				CLANG_WARN_NON_LITERAL_NULL_CONVERSION = YES;
				CLANG_WARN_OBJC_IMPLICIT_RETAIN_SELF = YES;
				CLANG_WARN_OBJC_LITERAL_CONVERSION = YES;
				CLANG_WARN_OBJC_ROOT_CLASS = YES_ERROR;
				CLANG_WARN_RANGE_LOOP_ANALYSIS = YES;
				CLANG_WARN_STRICT_PROTOTYPES = YES;
				CLANG_WARN_SUSPICIOUS_MOVE = YES;
				CLANG_WARN_UNGUARDED_AVAILABILITY = YES_AGGRESSIVE;
				CLANG_WARN_UNREACHABLE_CODE = YES;
				CLANG_WARN__DUPLICATE_METHOD_MATCH = YES;
				COPY_PHASE_STRIP = NO;
				DEBUG_INFORMATION_FORMAT = "dwarf-with-dsym";
				ENABLE_NS_ASSERTIONS = NO;
				ENABLE_STRICT_OBJC_MSGSEND = YES;
				GCC_C_LANGUAGE_STANDARD = gnu11;
				GCC_NO_COMMON_BLOCKS = YES;
				GCC_WARN_64_TO_32_BIT_CONVERSION = YES;
				GCC_WARN_ABOUT_RETURN_TYPE = YES_ERROR;
				GCC_WARN_UNDECLARED_SELECTOR = YES;
				GCC_WARN_UNINITIALIZED_AUTOS = YES_AGGRESSIVE;
				GCC_WARN_UNUSED_FUNCTION = YES;
				GCC_WARN_UNUSED_VARIABLE = YES;
				IPHONEOS_DEPLOYMENT_TARGET = 13.2;
				MTL_ENABLE_DEBUG_INFO = NO;
				MTL_FAST_MATH = YES;
				SDKROOT = iphoneos;
				SWIFT_COMPILATION_MODE = wholemodule;
				SWIFT_OPTIMIZATION_LEVEL = "-O";
				VALIDATE_PRODUCT = YES;
			};
			name = Release;
		};
		BCD87A3F23CF887D009F9E9D /* Debug */ = {
			isa = XCBuildConfiguration;
			buildSettings = {
				ASSETCATALOG_COMPILER_APPICON_NAME = AppIcon;
				CODE_SIGN_STYLE = Automatic;
				DEVELOPMENT_ASSET_PATHS = "\"Lab1/Preview Content\"";
				ENABLE_PREVIEWS = YES;
				INFOPLIST_FILE = Lab1/Info.plist;
				LD_RUNPATH_SEARCH_PATHS = (
					"$(inherited)",
					"@executable_path/Frameworks",
				);
				PRODUCT_BUNDLE_IDENTIFIER = edu.tric.it.Lab1;
				PRODUCT_NAME = "$(TARGET_NAME)";
				SWIFT_VERSION = 5.0;
				TARGETED_DEVICE_FAMILY = "1,2";
			};
			name = Debug;
		};
		BCD87A4023CF887D009F9E9D /* Release */ = {
			isa = XCBuildConfiguration;
			buildSettings = {
				ASSETCATALOG_COMPILER_APPICON_NAME = AppIcon;
				CODE_SIGN_STYLE = Automatic;
				DEVELOPMENT_ASSET_PATHS = "\"Lab1/Preview Content\"";
				ENABLE_PREVIEWS = YES;
				INFOPLIST_FILE = Lab1/Info.plist;
				LD_RUNPATH_SEARCH_PATHS = (
					"$(inherited)",
					"@executable_path/Frameworks",
				);
				PRODUCT_BUNDLE_IDENTIFIER = edu.tric.it.Lab1;
				PRODUCT_NAME = "$(TARGET_NAME)";
				SWIFT_VERSION = 5.0;
				TARGETED_DEVICE_FAMILY = "1,2";
			};
			name = Release;
		};
		BCD87A4223CF887D009F9E9D /* Debug */ = {
			isa = XCBuildConfiguration;
			buildSettings = {
				ALWAYS_EMBED_SWIFT_STANDARD_LIBRARIES = YES;
				BUNDLE_LOADER = "$(TEST_HOST)";
				CODE_SIGN_STYLE = Automatic;
				INFOPLIST_FILE = Lab1Tests/Info.plist;
				IPHONEOS_DEPLOYMENT_TARGET = 13.2;
				LD_RUNPATH_SEARCH_PATHS = (
					"$(inherited)",
					"@executable_path/Frameworks",
					"@loader_path/Frameworks",
				);
				PRODUCT_BUNDLE_IDENTIFIER = edu.tric.it.Lab1Tests;
				PRODUCT_NAME = "$(TARGET_NAME)";
				SWIFT_VERSION = 5.0;
				TARGETED_DEVICE_FAMILY = "1,2";
				TEST_HOST = "$(BUILT_PRODUCTS_DIR)/Lab1.app/Lab1";
			};
			name = Debug;
		};
		BCD87A4323CF887D009F9E9D /* Release */ = {
			isa = XCBuildConfiguration;
			buildSettings = {
				ALWAYS_EMBED_SWIFT_STANDARD_LIBRARIES = YES;
				BUNDLE_LOADER = "$(TEST_HOST)";
				CODE_SIGN_STYLE = Automatic;
				INFOPLIST_FILE = Lab1Tests/Info.plist;
				IPHONEOS_DEPLOYMENT_TARGET = 13.2;
				LD_RUNPATH_SEARCH_PATHS = (
					"$(inherited)",
					"@executable_path/Frameworks",
					"@loader_path/Frameworks",
				);
				PRODUCT_BUNDLE_IDENTIFIER = edu.tric.it.Lab1Tests;
				PRODUCT_NAME = "$(TARGET_NAME)";
				SWIFT_VERSION = 5.0;
				TARGETED_DEVICE_FAMILY = "1,2";
				TEST_HOST = "$(BUILT_PRODUCTS_DIR)/Lab1.app/Lab1";
			};
			name = Release;
		};
		BCD87A4523CF887D009F9E9D /* Debug */ = {
			isa = XCBuildConfiguration;
			buildSettings = {
				ALWAYS_EMBED_SWIFT_STANDARD_LIBRARIES = YES;
				CODE_SIGN_STYLE = Automatic;
				INFOPLIST_FILE = Lab1UITests/Info.plist;
				LD_RUNPATH_SEARCH_PATHS = (
					"$(inherited)",
					"@executable_path/Frameworks",
					"@loader_path/Frameworks",
				);
				PRODUCT_BUNDLE_IDENTIFIER = edu.tric.it.Lab1UITests;
				PRODUCT_NAME = "$(TARGET_NAME)";
				SWIFT_VERSION = 5.0;
				TARGETED_DEVICE_FAMILY = "1,2";
				TEST_TARGET_NAME = Lab1;
			};
			name = Debug;
		};
		BCD87A4623CF887D009F9E9D /* Release */ = {
			isa = XCBuildConfiguration;
			buildSettings = {
				ALWAYS_EMBED_SWIFT_STANDARD_LIBRARIES = YES;
				CODE_SIGN_STYLE = Automatic;
				INFOPLIST_FILE = Lab1UITests/Info.plist;
				LD_RUNPATH_SEARCH_PATHS = (
					"$(inherited)",
					"@executable_path/Frameworks",
					"@loader_path/Frameworks",
				);
				PRODUCT_BUNDLE_IDENTIFIER = edu.tric.it.Lab1UITests;
				PRODUCT_NAME = "$(TARGET_NAME)";
				SWIFT_VERSION = 5.0;
				TARGETED_DEVICE_FAMILY = "1,2";
				TEST_TARGET_NAME = Lab1;
			};
			name = Release;
		};
/* End XCBuildConfiguration section */

/* Begin XCConfigurationList section */
		BCD87A0F23CF8874009F9E9D /* Build configuration list for PBXProject "Lab1" */ = {
			isa = XCConfigurationList;
			buildConfigurations = (
				BCD87A3C23CF887D009F9E9D /* Debug */,
				BCD87A3D23CF887D009F9E9D /* Release */,
			);
			defaultConfigurationIsVisible = 0;
			defaultConfigurationName = Release;
		};
		BCD87A3E23CF887D009F9E9D /* Build configuration list for PBXNativeTarget "Lab1" */ = {
			isa = XCConfigurationList;
			buildConfigurations = (
				BCD87A3F23CF887D009F9E9D /* Debug */,
				BCD87A4023CF887D009F9E9D /* Release */,
			);
			defaultConfigurationIsVisible = 0;
			defaultConfigurationName = Release;
		};
		BCD87A4123CF887D009F9E9D /* Build configuration list for PBXNativeTarget "Lab1Tests" */ = {
			isa = XCConfigurationList;
			buildConfigurations = (
				BCD87A4223CF887D009F9E9D /* Debug */,
				BCD87A4323CF887D009F9E9D /* Release */,
			);
			defaultConfigurationIsVisible = 0;
			defaultConfigurationName = Release;
		};
		BCD87A4423CF887D009F9E9D /* Build configuration list for PBXNativeTarget "Lab1UITests" */ = {
			isa = XCConfigurationList;
			buildConfigurations = (
				BCD87A4523CF887D009F9E9D /* Debug */,
				BCD87A4623CF887D009F9E9D /* Release */,
			);
			defaultConfigurationIsVisible = 0;
			defaultConfigurationName = Release;
		};
/* End XCConfigurationList section */
	};
	rootObject = BCD87A0C23CF8874009F9E9D /* Project object */;
}
